
Microsoft Visual Studio Solution File, Format Version 12.00
# Visual Studio 2012
Project("{D954291E-2A0B-460D-934E-DC6B0785DB48}") = "testDemo", "testDemo\testDemo.shproj", "{C69AB44E-3C34-4D73-AAD4-037A5F72D762}"
EndProject
Project("{FAE04EC0-301F-11D3-BF4B-00C04F79EFBC}") = "testDemo.Droid", "Droid\testDemo.Droid.csproj", "{FD7E0951-DB15-4646-9491-2335D245BC99}"
EndProject
Project("{FAE04EC0-301F-11D3-BF4B-00C04F79EFBC}") = "testDemo.UITests", "UITests\testDemo.UITests.csproj", "{4329C42B-AE70-4E9E-ADFE-00423A78D496}"
EndProject
Global
	GlobalSection(SolutionConfigurationPlatforms) = preSolution
		Debug|Any CPU = Debug|Any CPU
		Release|Any CPU = Release|Any CPU
	EndGlobalSection
	GlobalSection(ProjectConfigurationPlatforms) = postSolution
		{4329C42B-AE70-4E9E-ADFE-00423A78D496}.Debug|Any CPU.ActiveCfg = Debug|Any CPU
		{4329C42B-AE70-4E9E-ADFE-00423A78D496}.Debug|Any CPU.Build.0 = Debug|Any CPU
		{4329C42B-AE70-4E9E-ADFE-00423A78D496}.Release|Any CPU.ActiveCfg = Release|Any CPU
		{4329C42B-AE70-4E9E-ADFE-00423A78D496}.Release|Any CPU.Build.0 = Release|Any CPU
		{FD7E0951-DB15-4646-9491-2335D245BC99}.Debug|Any CPU.ActiveCfg = Debug|Any CPU
		{FD7E0951-DB15-4646-9491-2335D245BC99}.Debug|Any CPU.Build.0 = Debug|Any CPU
		{FD7E0951-DB15-4646-9491-2335D245BC99}.Release|Any CPU.ActiveCfg = Release|Any CPU
		{FD7E0951-DB15-4646-9491-2335D245BC99}.Release|Any CPU.Build.0 = Release|Any CPU
	EndGlobalSection
EndGlobal
